
Microsoft Visual Studio Solution File, Format Version 12.00
# Visual Studio Version 17
VisualStudioVersion = 17.0.32014.148
MinimumVisualStudioVersion = 10.0.40219.1
Project("{FAE04EC0-301F-11D3-BF4B-00C04F79EFBC}") = "Assignment01_c0842810", "Assignment01_c0842810.csproj", "{E8ACF62A-F264-490B-B53F-89914766BDD7}"
EndProject
Global
	GlobalSection(SolutionConfigurationPlatforms) = preSolution
		Debug|Any CPU = Debug|Any CPU
		Release|Any CPU = Release|Any CPU
	EndGlobalSection
	GlobalSection(ProjectConfigurationPlatforms) = postSolution
		{E8ACF62A-F264-490B-B53F-89914766BDD7}.Debug|Any CPU.ActiveCfg = Debug|Any CPU
		{E8ACF62A-F264-490B-B53F-89914766BDD7}.Debug|Any CPU.Build.0 = Debug|Any CPU
		{E8ACF62A-F264-490B-B53F-89914766BDD7}.Release|Any CPU.ActiveCfg = Release|Any CPU
		{E8ACF62A-F264-490B-B53F-89914766BDD7}.Release|Any CPU.Build.0 = Release|Any CPU
	EndGlobalSection
	GlobalSection(SolutionProperties) = preSolution
		HideSolutionNode = FALSE
	EndGlobalSection
	GlobalSection(ExtensibilityGlobals) = postSolution
		SolutionGuid = {1DF559E9-E516-4557-9A64-1EC50CEB530F}
	EndGlobalSection
EndGlobal
